
Microsoft Visual Studio Solution File, Format Version 11.00
# Visual Studio 2010
Project("{FAE04EC0-301F-11D3-BF4B-00C04F79EFBC}") = "ggj2014", "ggj2014.csproj", "{62E270FF-D304-4008-A63D-C61D71A9A884}"
EndProject
Project("{FAE04EC0-301F-11D3-BF4B-00C04F79EFBC}") = "FlakCore", "..\Flakcore\FlakCore.csproj", "{C6F44C26-5F93-4714-9CB6-239348FE6FE2}"
EndProject
Global
	GlobalSection(SolutionConfigurationPlatforms) = preSolution
		Debug|Any CPU = Debug|Any CPU
		Release|Any CPU = Release|Any CPU
		AppStore|Any CPU = AppStore|Any CPU
		Debug|x86 = Debug|x86
		Release|x86 = Release|x86
	EndGlobalSection
	GlobalSection(ProjectConfigurationPlatforms) = postSolution
		{62E270FF-D304-4008-A63D-C61D71A9A884}.AppStore|Any CPU.ActiveCfg = AppStore|Any CPU
		{62E270FF-D304-4008-A63D-C61D71A9A884}.AppStore|Any CPU.Build.0 = AppStore|Any CPU
		{62E270FF-D304-4008-A63D-C61D71A9A884}.Debug|Any CPU.ActiveCfg = Debug|Any CPU
		{62E270FF-D304-4008-A63D-C61D71A9A884}.Debug|Any CPU.Build.0 = Debug|Any CPU
		{62E270FF-D304-4008-A63D-C61D71A9A884}.Debug|x86.ActiveCfg = Debug|Any CPU
		{62E270FF-D304-4008-A63D-C61D71A9A884}.Debug|x86.Build.0 = Debug|Any CPU
		{62E270FF-D304-4008-A63D-C61D71A9A884}.Release|Any CPU.ActiveCfg = Release|Any CPU
		{62E270FF-D304-4008-A63D-C61D71A9A884}.Release|Any CPU.Build.0 = Release|Any CPU
		{62E270FF-D304-4008-A63D-C61D71A9A884}.Release|x86.ActiveCfg = Release|Any CPU
		{62E270FF-D304-4008-A63D-C61D71A9A884}.Release|x86.Build.0 = Release|Any CPU
		{C6F44C26-5F93-4714-9CB6-239348FE6FE2}.AppStore|Any CPU.ActiveCfg = Debug|x86
		{C6F44C26-5F93-4714-9CB6-239348FE6FE2}.AppStore|Any CPU.Build.0 = Debug|x86
		{C6F44C26-5F93-4714-9CB6-239348FE6FE2}.Debug|Any CPU.ActiveCfg = Debug|x86
		{C6F44C26-5F93-4714-9CB6-239348FE6FE2}.Debug|Any CPU.Build.0 = Debug|x86
		{C6F44C26-5F93-4714-9CB6-239348FE6FE2}.Debug|x86.ActiveCfg = Debug|x86
		{C6F44C26-5F93-4714-9CB6-239348FE6FE2}.Debug|x86.Build.0 = Debug|x86
		{C6F44C26-5F93-4714-9CB6-239348FE6FE2}.Release|Any CPU.ActiveCfg = Release|x86
		{C6F44C26-5F93-4714-9CB6-239348FE6FE2}.Release|Any CPU.Build.0 = Release|x86
		{C6F44C26-5F93-4714-9CB6-239348FE6FE2}.Release|x86.ActiveCfg = Release|x86
		{C6F44C26-5F93-4714-9CB6-239348FE6FE2}.Release|x86.Build.0 = Release|x86
	EndGlobalSection
	GlobalSection(MonoDevelopProperties) = preSolution
		StartupItem = ggj2014.csproj
	EndGlobalSection
EndGlobal
